{
	"name": "@apinecka/amqp",
	"version": "1.0.0",
	"lockfileVersion": 3,
	"requires": true,
	"packages": {
		"": {
			"name": "@apinecka/amqp",
			"version": "1.0.0",
			"license": "MIT",
			"devDependencies": {
				"@nestjs/common": "^11.1.7",
				"@nestjs/core": "^11.1.7",
				"@types/node": "^22.15.33",
				"amqp-connection-manager": "^4.1.15",
				"amqplib": "^2.0.1",
				"del-cli": "^7.0.0",
				"typescript": "^5.8.3"
			},
			"peerDependencies": {
				"@nestjs/common": "^11.0.0",
				"@nestjs/core": "^11.0.0",
				"amqp-connection-manager": "^4.1",
				"amqplib": "*"
			}
		},
		"node_modules/@borewit/text-codec": {
			"version": "0.2.2",
			"resolved": "https://registry.npmjs.org/@borewit/text-codec/-/text-codec-0.2.2.tgz",
			"integrity": "sha512-DDaRehssg1aNrH4+2hnj1B7vnUGEjU6OIlyRdkMd0aUdIUvKXrJfXsy8LVtXAy7DRvYVluWbMspsRhz2lcW0mQ==",
			"dev": true,
			"license": "MIT",
			"funding": {
				"type": "github",
				"url": "https://github.com/sponsors/Borewit"
			}
		},
		"node_modules/@lukeed/csprng": {
			"version": "1.1.0",
			"resolved": "https://registry.npmjs.org/@lukeed/csprng/-/csprng-1.1.0.tgz",
			"integrity": "sha512-Z7C/xXCiGWsg0KuKsHTKJxbWhpI3Vs5GwLfOean7MGyVFGqdRgBbAjOCh6u4bbjPc/8MJ2pZmK/0DLdCbivLDA==",
			"dev": true,
			"license": "MIT",
			"engines": {
				"node": ">=8"
			}
		},
		"node_modules/@nestjs/common": {
			"version": "11.1.28",
			"resolved": "https://registry.npmjs.org/@nestjs/common/-/common-11.1.28.tgz",
			"integrity": "sha512-bRImsxibie+AM7xjdwcrm/gr5YeacI65kSBNzTufa1Ib5iwziaY/lqMtRh9THq6pbV4e1HP9aI2ZxGUumnmaoQ==",
			"dev": true,
			"license": "MIT",
			"peer": true,
			"dependencies": {
				"file-type": "21.3.4",
				"iterare": "1.2.1",
				"load-esm": "1.0.3",
				"tslib": "2.8.1",
				"uid": "2.0.2"
			},
			"funding": {
				"type": "opencollective",
				"url": "https://opencollective.com/nest"
			},
			"peerDependencies": {
				"class-transformer": ">=0.4.1",
				"class-validator": ">=0.13.2",
				"reflect-metadata": "^0.1.12 || ^0.2.0",
				"rxjs": "^7.1.0"
			},
			"peerDependenciesMeta": {
				"class-transformer": {
					"optional": true
				},
				"class-validator": {
					"optional": true
				}
			}
		},
		"node_modules/@nestjs/core": {
			"version": "11.1.28",
			"resolved": "https://registry.npmjs.org/@nestjs/core/-/core-11.1.28.tgz",
			"integrity": "sha512-06m63xIRj8+l8uOeh/8LnYupGubkyu4f+bPKIadaSui6vK9KpXgoz7HveT1yOVLcEt0M0oCOEW5EuEXZkEmBBQ==",
			"dev": true,
			"license": "MIT",
			"dependencies": {
				"fast-safe-stringify": "2.1.1",
				"iterare": "1.2.1",
				"path-to-regexp": "8.4.2",
				"tslib": "2.8.1",
				"uid": "2.0.2"
			},
			"engines": {
				"node": ">= 20"
			},
			"funding": {
				"type": "opencollective",
				"url": "https://opencollective.com/nest"
			},
			"peerDependencies": {
				"@nestjs/common": "^11.0.0",
				"@nestjs/microservices": "^11.0.0",
				"@nestjs/platform-express": "^11.0.0",
				"@nestjs/websockets": "^11.0.0",
				"reflect-metadata": "^0.1.12 || ^0.2.0",
				"rxjs": "^7.1.0"
			},
			"peerDependenciesMeta": {
				"@nestjs/microservices": {
					"optional": true
				},
				"@nestjs/platform-express": {
					"optional": true
				},
				"@nestjs/websockets": {
					"optional": true
				}
			}
		},
		"node_modules/@nodelib/fs.scandir": {
			"version": "2.1.5",
			"resolved": "https://registry.npmjs.org/@nodelib/fs.scandir/-/fs.scandir-2.1.5.tgz",
			"integrity": "sha512-vq24Bq3ym5HEQm2NKCr3yXDwjc7vTsEThRDnkp2DK9p1uqLR+DHurm/NOTo0KG7HYHU7eppKZj3MyqYuMBf62g==",
			"dev": true,
			"license": "MIT",
			"dependencies": {
				"@nodelib/fs.stat": "2.0.5",
				"run-parallel": "^1.1.9"
			},
			"engines": {
				"node": ">= 8"
			}
		},
		"node_modules/@nodelib/fs.stat": {
			"version": "2.0.5",
			"resolved": "https://registry.npmjs.org/@nodelib/fs.stat/-/fs.stat-2.0.5.tgz",
			"integrity": "sha512-RkhPPp2zrqDAQA/2jNhnztcPAlv64XdhIp7a7454A5ovI7Bukxgt7MX7udwAu3zg1DcpPU0rz3VV1SeaqvY4+A==",
			"dev": true,
			"license": "MIT",
			"engines": {
				"node": ">= 8"
			}
		},
		"node_modules/@nodelib/fs.walk": {
			"version": "1.2.8",
			"resolved": "https://registry.npmjs.org/@nodelib/fs.walk/-/fs.walk-1.2.8.tgz",
			"integrity": "sha512-oGB+UxlgWcgQkgwo8GcEGwemoTFt3FIO9ababBmaGwXIoBKZ+GTy0pP185beGg7Llih/NSHSV2XAs1lnznocSg==",
			"dev": true,
			"license": "MIT",
			"dependencies": {
				"@nodelib/fs.scandir": "2.1.5",
				"fastq": "^1.6.0"
			},
			"engines": {
				"node": ">= 8"
			}
		},
		"node_modules/@sindresorhus/merge-streams": {
			"version": "2.3.0",
			"resolved": "https://registry.npmjs.org/@sindresorhus/merge-streams/-/merge-streams-2.3.0.tgz",
			"integrity": "sha512-LtoMMhxAlorcGhmFYI+LhPgbPZCkgP6ra1YL604EeF6U98pLlQ3iWIGMdWSC+vWmPBWBNgmDBAhnAobLROJmwg==",
			"dev": true,
			"license": "MIT",
			"engines": {
				"node": ">=18"
			},
			"funding": {
				"url": "https://github.com/sponsors/sindresorhus"
			}
		},
		"node_modules/@tokenizer/inflate": {
			"version": "0.4.1",
			"resolved": "https://registry.npmjs.org/@tokenizer/inflate/-/inflate-0.4.1.tgz",
			"integrity": "sha512-2mAv+8pkG6GIZiF1kNg1jAjh27IDxEPKwdGul3snfztFerfPGI1LjDezZp3i7BElXompqEtPmoPx6c2wgtWsOA==",
			"dev": true,
			"license": "MIT",
			"dependencies": {
				"debug": "^4.4.3",
				"token-types": "^6.1.1"
			},
			"engines": {
				"node": ">=18"
			},
			"funding": {
				"type": "github",
				"url": "https://github.com/sponsors/Borewit"
			}
		},
		"node_modules/@tokenizer/token": {
			"version": "0.3.0",
			"resolved": "https://registry.npmjs.org/@tokenizer/token/-/token-0.3.0.tgz",
			"integrity": "sha512-OvjF+z51L3ov0OyAU0duzsYuvO01PH7x4t6DJx+guahgTnBHkhJdG7soQeTSFLWN3efnHyibZ4Z8l2EuWwJN3A==",
			"dev": true,
			"license": "MIT"
		},
		"node_modules/@types/node": {
			"version": "22.20.1",
			"resolved": "https://registry.npmjs.org/@types/node/-/node-22.20.1.tgz",
			"integrity": "sha512-EANqOCF9QFyra+4pfxUcX9STKJpCLjMbObVzljIJomAWSnuSIEAvyzEU53GaajbXJEgdh0iEcPL+DGvpUd4k1Q==",
			"dev": true,
			"license": "MIT",
			"dependencies": {
				"undici-types": "~6.21.0"
			}
		},
		"node_modules/amqp-connection-manager": {
			"version": "4.1.15",
			"resolved": "https://registry.npmjs.org/amqp-connection-manager/-/amqp-connection-manager-4.1.15.tgz",
			"integrity": "sha512-YGi8MuO2K4u0qC4b1qAKVIK8CdBJF+PpEZpHKxmrL3x61pU1sAb2SHzQl7ypoqr6oECIfVqtG9DGdOZxaUq1Wg==",
			"dev": true,
			"license": "MIT",
			"dependencies": {
				"promise-breaker": "^6.0.0"
			},
			"engines": {
				"node": ">=10.0.0",
				"npm": ">5.0.0"
			},
			"peerDependencies": {
				"amqplib": "*"
			}
		},
		"node_modules/amqplib": {
			"version": "2.0.1",
			"resolved": "https://registry.npmjs.org/amqplib/-/amqplib-2.0.1.tgz",
			"integrity": "sha512-a3P2MgfCf9nzVis12VxWEn0dS6hcqve7dlEAhXDtIWR27BlhtMkILOc+H9aeHjDi6i6r94dYKc2Kx2OFe3avvg==",
			"dev": true,
			"license": "MIT",
			"peer": true,
			"engines": {
				"node": ">=18"
			}
		},
		"node_modules/braces": {
			"version": "3.0.3",
			"resolved": "https://registry.npmjs.org/braces/-/braces-3.0.3.tgz",
			"integrity": "sha512-yQbXgO/OSZVD2IsiLlro+7Hf6Q18EJrKSEsdoMzKePKXct3gvD8oLcOQdIzGupr5Fj+EDe8gO/lxc1BzfMpxvA==",
			"dev": true,
			"license": "MIT",
			"dependencies": {
				"fill-range": "^7.1.1"
			},
			"engines": {
				"node": ">=8"
			}
		},
		"node_modules/debug": {
			"version": "4.4.3",
			"resolved": "https://registry.npmjs.org/debug/-/debug-4.4.3.tgz",
			"integrity": "sha512-RGwwWnwQvkVfavKVt22FGLw+xYSdzARwm0ru6DhTVA3umU5hZc28V3kO4stgYryrTlLpuvgI9GiijltAjNbcqA==",
			"dev": true,
			"license": "MIT",
			"dependencies": {
				"ms": "^2.1.3"
			},
			"engines": {
				"node": ">=6.0"
			},
			"peerDependenciesMeta": {
				"supports-color": {
					"optional": true
				}
			}
		},
		"node_modules/del": {
			"version": "8.0.1",
			"resolved": "https://registry.npmjs.org/del/-/del-8.0.1.tgz",
			"integrity": "sha512-gPqh0mKTPvaUZGAuHbrBUYKZWBNAeHG7TU3QH5EhVwPMyKvmfJaNXhcD2jTcXsJRRcffuho4vaYweu80dRrMGA==",
			"dev": true,
			"license": "MIT",
			"dependencies": {
				"globby": "^14.0.2",
				"is-glob": "^4.0.3",
				"is-path-cwd": "^3.0.0",
				"is-path-inside": "^4.0.0",
				"p-map": "^7.0.2",
				"presentable-error": "^0.0.1",
				"slash": "^5.1.0"
			},
			"engines": {
				"node": ">=18"
			},
			"funding": {
				"url": "https://github.com/sponsors/sindresorhus"
			}
		},
		"node_modules/del-cli": {
			"version": "7.0.0",
			"resolved": "https://registry.npmjs.org/del-cli/-/del-cli-7.0.0.tgz",
			"integrity": "sha512-fRl4pWJYu9WFQH8jXdQUYvcD0IMtij9WEc7qmB7xOyJEweNJNuE7iKmqNeoOT1DbBUjtRjxlw8Y63qKBI/NQ1g==",
			"dev": true,
			"license": "MIT",
			"dependencies": {
				"del": "^8.0.1",
				"meow": "^14.0.0",
				"presentable-error": "^0.0.1"
			},
			"bin": {
				"del": "cli.js",
				"del-cli": "cli.js"
			},
			"engines": {
				"node": ">=18"
			},
			"funding": {
				"url": "https://github.com/sponsors/sindresorhus"
			}
		},
		"node_modules/fast-glob": {
			"version": "3.3.3",
			"resolved": "https://registry.npmjs.org/fast-glob/-/fast-glob-3.3.3.tgz",
			"integrity": "sha512-7MptL8U0cqcFdzIzwOTHoilX9x5BrNqye7Z/LuC7kCMRio1EMSyqRK3BEAUD7sXRq4iT4AzTVuZdhgQ2TCvYLg==",
			"dev": true,
			"license": "MIT",
			"dependencies": {
				"@nodelib/fs.stat": "^2.0.2",
				"@nodelib/fs.walk": "^1.2.3",
				"glob-parent": "^5.1.2",
				"merge2": "^1.3.0",
				"micromatch": "^4.0.8"
			},
			"engines": {
				"node": ">=8.6.0"
			}
		},
		"node_modules/fast-safe-stringify": {
			"version": "2.1.1",
			"resolved": "https://registry.npmjs.org/fast-safe-stringify/-/fast-safe-stringify-2.1.1.tgz",
			"integrity": "sha512-W+KJc2dmILlPplD/H4K9l9LcAHAfPtP6BY84uVLXQ6Evcz9Lcg33Y2z1IVblT6xdY54PXYVHEv+0Wpq8Io6zkA==",
			"dev": true,
			"license": "MIT"
		},
		"node_modules/fastq": {
			"version": "1.20.1",
			"resolved": "https://registry.npmjs.org/fastq/-/fastq-1.20.1.tgz",
			"integrity": "sha512-GGToxJ/w1x32s/D2EKND7kTil4n8OVk/9mycTc4VDza13lOvpUZTGX3mFSCtV9ksdGBVzvsyAVLM6mHFThxXxw==",
			"dev": true,
			"license": "ISC",
			"dependencies": {
				"reusify": "^1.0.4"
			}
		},
		"node_modules/file-type": {
			"version": "21.3.4",
			"resolved": "https://registry.npmjs.org/file-type/-/file-type-21.3.4.tgz",
			"integrity": "sha512-Ievi/yy8DS3ygGvT47PjSfdFoX+2isQueoYP1cntFW1JLYAuS4GD7NUPGg4zv2iZfV52uDyk5w5Z0TdpRS6Q1g==",
			"dev": true,
			"license": "MIT",
			"dependencies": {
				"@tokenizer/inflate": "^0.4.1",
				"strtok3": "^10.3.4",
				"token-types": "^6.1.1",
				"uint8array-extras": "^1.4.0"
			},
			"engines": {
				"node": ">=20"
			},
			"funding": {
				"url": "https://github.com/sindresorhus/file-type?sponsor=1"
			}
		},
		"node_modules/fill-range": {
			"version": "7.1.1",
			"resolved": "https://registry.npmjs.org/fill-range/-/fill-range-7.1.1.tgz",
			"integrity": "sha512-YsGpe3WHLK8ZYi4tWDg2Jy3ebRz2rXowDxnld4bkQB00cc/1Zw9AWnC0i9ztDJitivtQvaI9KaLyKrc+hBW0yg==",
			"dev": true,
			"license": "MIT",
			"dependencies": {
				"to-regex-range": "^5.0.1"
			},
			"engines": {
				"node": ">=8"
			}
		},
		"node_modules/glob-parent": {
			"version": "5.1.2",
			"resolved": "https://registry.npmjs.org/glob-parent/-/glob-parent-5.1.2.tgz",
			"integrity": "sha512-AOIgSQCepiJYwP3ARnGx+5VnTu2HBYdzbGP45eLw1vr3zB3vZLeyed1sC9hnbcOc9/SrMyM5RPQrkGz4aS9Zow==",
			"dev": true,
			"license": "ISC",
			"dependencies": {
				"is-glob": "^4.0.1"
			},
			"engines": {
				"node": ">= 6"
			}
		},
		"node_modules/globby": {
			"version": "14.1.0",
			"resolved": "https://registry.npmjs.org/globby/-/globby-14.1.0.tgz",
			"integrity": "sha512-0Ia46fDOaT7k4og1PDW4YbodWWr3scS2vAr2lTbsplOt2WkKp0vQbkI9wKis/T5LV/dqPjO3bpS/z6GTJB82LA==",
			"dev": true,
			"license": "MIT",
			"dependencies": {
				"@sindresorhus/merge-streams": "^2.1.0",
				"fast-glob": "^3.3.3",
				"ignore": "^7.0.3",
				"path-type": "^6.0.0",
				"slash": "^5.1.0",
				"unicorn-magic": "^0.3.0"
			},
			"engines": {
				"node": ">=18"
			},
			"funding": {
				"url": "https://github.com/sponsors/sindresorhus"
			}
		},
		"node_modules/ieee754": {
			"version": "1.2.1",
			"resolved": "https://registry.npmjs.org/ieee754/-/ieee754-1.2.1.tgz",
			"integrity": "sha512-dcyqhDvX1C46lXZcVqCpK+FtMRQVdIMN6/Df5js2zouUsqG7I6sFxitIC+7KYK29KdXOLHdu9zL4sFnoVQnqaA==",
			"dev": true,
			"funding": [
				{
					"type": "github",
					"url": "https://github.com/sponsors/feross"
				},
				{
					"type": "patreon",
					"url": "https://www.patreon.com/feross"
				},
				{
					"type": "consulting",
					"url": "https://feross.org/support"
				}
			],
			"license": "BSD-3-Clause"
		},
		"node_modules/ignore": {
			"version": "7.0.6",
			"resolved": "https://registry.npmjs.org/ignore/-/ignore-7.0.6.tgz",
			"integrity": "sha512-BAg6QkE8W+TuQLrrw0Ugr7HegXduRuuj8/ti2kSOc+jz1dmx8/WNcjr6XGnq5YpDWxFwwaavqD0+jIUOKelTsw==",
			"dev": true,
			"license": "MIT",
			"engines": {
				"node": ">= 4"
			}
		},
		"node_modules/is-extglob": {
			"version": "2.1.1",
			"resolved": "https://registry.npmjs.org/is-extglob/-/is-extglob-2.1.1.tgz",
			"integrity": "sha512-SbKbANkN603Vi4jEZv49LeVJMn4yGwsbzZworEoyEiutsN3nJYdbO36zfhGJ6QEDpOZIFkDtnq5JRxmvl3jsoQ==",
			"dev": true,
			"license": "MIT",
			"engines": {
				"node": ">=0.10.0"
			}
		},
		"node_modules/is-glob": {
			"version": "4.0.3",
			"resolved": "https://registry.npmjs.org/is-glob/-/is-glob-4.0.3.tgz",
			"integrity": "sha512-xelSayHH36ZgE7ZWhli7pW34hNbNl8Ojv5KVmkJD4hBdD3th8Tfk9vYasLM+mXWOZhFkgZfxhLSnrwRr4elSSg==",
			"dev": true,
			"license": "MIT",
			"dependencies": {
				"is-extglob": "^2.1.1"
			},
			"engines": {
				"node": ">=0.10.0"
			}
		},
		"node_modules/is-number": {
			"version": "7.0.0",
			"resolved": "https://registry.npmjs.org/is-number/-/is-number-7.0.0.tgz",
			"integrity": "sha512-41Cifkg6e8TylSpdtTpeLVMqvSBEVzTttHvERD741+pnZ8ANv0004MRL43QKPDlK9cGvNp6NZWZUBlbGXYxxng==",
			"dev": true,
			"license": "MIT",
			"engines": {
				"node": ">=0.12.0"
			}
		},
		"node_modules/is-path-cwd": {
			"version": "3.0.0",
			"resolved": "https://registry.npmjs.org/is-path-cwd/-/is-path-cwd-3.0.0.tgz",
			"integrity": "sha512-kyiNFFLU0Ampr6SDZitD/DwUo4Zs1nSdnygUBqsu3LooL00Qvb5j+UnvApUn/TTj1J3OuE6BTdQ5rudKmU2ZaA==",
			"dev": true,
			"license": "MIT",
			"engines": {
				"node": "^12.20.0 || ^14.13.1 || >=16.0.0"
			},
			"funding": {
				"url": "https://github.com/sponsors/sindresorhus"
			}
		},
		"node_modules/is-path-inside": {
			"version": "4.0.0",
			"resolved": "https://registry.npmjs.org/is-path-inside/-/is-path-inside-4.0.0.tgz",
			"integrity": "sha512-lJJV/5dYS+RcL8uQdBDW9c9uWFLLBNRyFhnAKXw5tVqLlKZ4RMGZKv+YQ/IA3OhD+RpbJa1LLFM1FQPGyIXvOA==",
			"dev": true,
			"license": "MIT",
			"engines": {
				"node": ">=12"
			},
			"funding": {
				"url": "https://github.com/sponsors/sindresorhus"
			}
		},
		"node_modules/iterare": {
			"version": "1.2.1",
			"resolved": "https://registry.npmjs.org/iterare/-/iterare-1.2.1.tgz",
			"integrity": "sha512-RKYVTCjAnRthyJes037NX/IiqeidgN1xc3j1RjFfECFp28A1GVwK9nA+i0rJPaHqSZwygLzRnFlzUuHFoWWy+Q==",
			"dev": true,
			"license": "ISC",
			"engines": {
				"node": ">=6"
			}
		},
		"node_modules/load-esm": {
			"version": "1.0.3",
			"resolved": "https://registry.npmjs.org/load-esm/-/load-esm-1.0.3.tgz",
			"integrity": "sha512-v5xlu8eHD1+6r8EHTg6hfmO97LN8ugKtiXcy5e6oN72iD2r6u0RPfLl6fxM+7Wnh2ZRq15o0russMst44WauPA==",
			"dev": true,
			"funding": [
				{
					"type": "github",
					"url": "https://github.com/sponsors/Borewit"
				},
				{
					"type": "buymeacoffee",
					"url": "https://buymeacoffee.com/borewit"
				}
			],
			"license": "MIT",
			"engines": {
				"node": ">=13.2.0"
			}
		},
		"node_modules/meow": {
			"version": "14.1.0",
			"resolved": "https://registry.npmjs.org/meow/-/meow-14.1.0.tgz",
			"integrity": "sha512-EDYo6VlmtnumlcBCbh1gLJ//9jvM/ndXHfVXIFrZVr6fGcwTUyCTFNTLCKuY3ffbK8L/+3Mzqnd58RojiZqHVw==",
			"dev": true,
			"license": "MIT",
			"engines": {
				"node": ">=20"
			},
			"funding": {
				"url": "https://github.com/sponsors/sindresorhus"
			}
		},
		"node_modules/merge2": {
			"version": "1.4.1",
			"resolved": "https://registry.npmjs.org/merge2/-/merge2-1.4.1.tgz",
			"integrity": "sha512-8q7VEgMJW4J8tcfVPy8g09NcQwZdbwFEqhe/WZkoIzjn/3TGDwtOCYtXGxA3O8tPzpczCCDgv+P2P5y00ZJOOg==",
			"dev": true,
			"license": "MIT",
			"engines": {
				"node": ">= 8"
			}
		},
		"node_modules/micromatch": {
			"version": "4.0.8",
			"resolved": "https://registry.npmjs.org/micromatch/-/micromatch-4.0.8.tgz",
			"integrity": "sha512-PXwfBhYu0hBCPw8Dn0E+WDYb7af3dSLVWKi3HGv84IdF4TyFoC0ysxFd0Goxw7nSv4T/PzEJQxsYsEiFCKo2BA==",
			"dev": true,
			"license": "MIT",
			"dependencies": {
				"braces": "^3.0.3",
				"picomatch": "^2.3.1"
			},
			"engines": {
				"node": ">=8.6"
			}
		},
		"node_modules/ms": {
			"version": "2.1.3",
			"resolved": "https://registry.npmjs.org/ms/-/ms-2.1.3.tgz",
			"integrity": "sha512-6FlzubTLZG3J2a/NVCAleEhjzq5oxgHyaCU9yYXvcLsvoVaHJq/s5xXI6/XXP6tz7R9xAOtHnSO/tXtF3WRTlA==",
			"dev": true,
			"license": "MIT"
		},
		"node_modules/p-map": {
			"version": "7.0.6",
			"resolved": "https://registry.npmjs.org/p-map/-/p-map-7.0.6.tgz",
			"integrity": "sha512-I4Prw6ivkd6p8PiYR1tXASOAOBzIJwu0TB7fqaX0c/8c3QAehNYmX57EijyGGGBt3c/BIowGwV03RVBtXvHEVg==",
			"dev": true,
			"license": "MIT",
			"engines": {
				"node": ">=18"
			},
			"funding": {
				"url": "https://github.com/sponsors/sindresorhus"
			}
		},
		"node_modules/path-to-regexp": {
			"version": "8.4.2",
			"resolved": "https://registry.npmjs.org/path-to-regexp/-/path-to-regexp-8.4.2.tgz",
			"integrity": "sha512-qRcuIdP69NPm4qbACK+aDogI5CBDMi1jKe0ry5rSQJz8JVLsC7jV8XpiJjGRLLol3N+R5ihGYcrPLTno6pAdBA==",
			"dev": true,
			"license": "MIT",
			"funding": {
				"type": "opencollective",
				"url": "https://opencollective.com/express"
			}
		},
		"node_modules/path-type": {
			"version": "6.0.0",
			"resolved": "https://registry.npmjs.org/path-type/-/path-type-6.0.0.tgz",
			"integrity": "sha512-Vj7sf++t5pBD637NSfkxpHSMfWaeig5+DKWLhcqIYx6mWQz5hdJTGDVMQiJcw1ZYkhs7AazKDGpRVji1LJCZUQ==",
			"dev": true,
			"license": "MIT",
			"engines": {
				"node": ">=18"
			},
			"funding": {
				"url": "https://github.com/sponsors/sindresorhus"
			}
		},
		"node_modules/picomatch": {
			"version": "2.3.2",
			"resolved": "https://registry.npmjs.org/picomatch/-/picomatch-2.3.2.tgz",
			"integrity": "sha512-V7+vQEJ06Z+c5tSye8S+nHUfI51xoXIXjHQ99cQtKUkQqqO1kO/KCJUfZXuB47h/YBlDhah2H3hdUGXn8ie0oA==",
			"dev": true,
			"license": "MIT",
			"engines": {
				"node": ">=8.6"
			},
			"funding": {
				"url": "https://github.com/sponsors/jonschlinkert"
			}
		},
		"node_modules/presentable-error": {
			"version": "0.0.1",
			"resolved": "https://registry.npmjs.org/presentable-error/-/presentable-error-0.0.1.tgz",
			"integrity": "sha512-E6rsNU1QNJgB3sjj7OANinGncFKuK+164sLXw1/CqBjj/EkXSoSdHCtWQGBNlREIGLnL7IEUEGa08YFVUbrhVg==",
			"dev": true,
			"license": "MIT",
			"engines": {
				"node": ">=16"
			},
			"funding": {
				"url": "https://github.com/sponsors/sindresorhus"
			}
		},
		"node_modules/promise-breaker": {
			"version": "6.0.0",
			"resolved": "https://registry.npmjs.org/promise-breaker/-/promise-breaker-6.0.0.tgz",
			"integrity": "sha512-BthzO9yTPswGf7etOBiHCVuugs2N01/Q/94dIPls48z2zCmrnDptUUZzfIb+41xq0MnYZ/BzmOd6ikDR4ibNZA==",
			"dev": true,
			"license": "MIT"
		},
		"node_modules/queue-microtask": {
			"version": "1.2.3",
			"resolved": "https://registry.npmjs.org/queue-microtask/-/queue-microtask-1.2.3.tgz",
			"integrity": "sha512-NuaNSa6flKT5JaSYQzJok04JzTL1CA6aGhv5rfLW3PgqA+M2ChpZQnAC8h8i4ZFkBS8X5RqkDBHA7r4hej3K9A==",
			"dev": true,
			"funding": [
				{
					"type": "github",
					"url": "https://github.com/sponsors/feross"
				},
				{
					"type": "patreon",
					"url": "https://www.patreon.com/feross"
				},
				{
					"type": "consulting",
					"url": "https://feross.org/support"
				}
			],
			"license": "MIT"
		},
		"node_modules/reflect-metadata": {
			"version": "0.2.2",
			"resolved": "https://registry.npmjs.org/reflect-metadata/-/reflect-metadata-0.2.2.tgz",
			"integrity": "sha512-urBwgfrvVP/eAyXx4hluJivBKzuEbSQs9rKWCrCkbSxNv8mxPcUZKeuoF3Uy4mJl3Lwprp6yy5/39VWigZ4K6Q==",
			"dev": true,
			"license": "Apache-2.0",
			"peer": true
		},
		"node_modules/reusify": {
			"version": "1.1.0",
			"resolved": "https://registry.npmjs.org/reusify/-/reusify-1.1.0.tgz",
			"integrity": "sha512-g6QUff04oZpHs0eG5p83rFLhHeV00ug/Yf9nZM6fLeUrPguBTkTQOdpAWWspMh55TZfVQDPaN3NQJfbVRAxdIw==",
			"dev": true,
			"license": "MIT",
			"engines": {
				"iojs": ">=1.0.0",
				"node": ">=0.10.0"
			}
		},
		"node_modules/run-parallel": {
			"version": "1.2.0",
			"resolved": "https://registry.npmjs.org/run-parallel/-/run-parallel-1.2.0.tgz",
			"integrity": "sha512-5l4VyZR86LZ/lDxZTR6jqL8AFE2S0IFLMP26AbjsLVADxHdhB/c0GUsH+y39UfCi3dzz8OlQuPmnaJOMoDHQBA==",
			"dev": true,
			"funding": [
				{
					"type": "github",
					"url": "https://github.com/sponsors/feross"
				},
				{
					"type": "patreon",
					"url": "https://www.patreon.com/feross"
				},
				{
					"type": "consulting",
					"url": "https://feross.org/support"
				}
			],
			"license": "MIT",
			"dependencies": {
				"queue-microtask": "^1.2.2"
			}
		},
		"node_modules/rxjs": {
			"version": "7.8.2",
			"resolved": "https://registry.npmjs.org/rxjs/-/rxjs-7.8.2.tgz",
			"integrity": "sha512-dhKf903U/PQZY6boNNtAGdWbG85WAbjT/1xYoZIC7FAY0yWapOBQVsVrDl58W86//e1VpMNBtRV4MaXfdMySFA==",
			"dev": true,
			"license": "Apache-2.0",
			"peer": true,
			"dependencies": {
				"tslib": "^2.1.0"
			}
		},
		"node_modules/slash": {
			"version": "5.1.0",
			"resolved": "https://registry.npmjs.org/slash/-/slash-5.1.0.tgz",
			"integrity": "sha512-ZA6oR3T/pEyuqwMgAKT0/hAv8oAXckzbkmR0UkUosQ+Mc4RxGoJkRmwHgHufaenlyAgE1Mxgpdcrf75y6XcnDg==",
			"dev": true,
			"license": "MIT",
			"engines": {
				"node": ">=14.16"
			},
			"funding": {
				"url": "https://github.com/sponsors/sindresorhus"
			}
		},
		"node_modules/strtok3": {
			"version": "10.3.5",
			"resolved": "https://registry.npmjs.org/strtok3/-/strtok3-10.3.5.tgz",
			"integrity": "sha512-ki4hZQfh5rX0QDLLkOCj+h+CVNkqmp/CMf8v8kZpkNVK6jGQooMytqzLZYUVYIZcFZ6yDB70EfD8POcFXiF5oA==",
			"dev": true,
			"license": "MIT",
			"dependencies": {
				"@tokenizer/token": "^0.3.0"
			},
			"engines": {
				"node": ">=18"
			},
			"funding": {
				"type": "github",
				"url": "https://github.com/sponsors/Borewit"
			}
		},
		"node_modules/to-regex-range": {
			"version": "5.0.1",
			"resolved": "https://registry.npmjs.org/to-regex-range/-/to-regex-range-5.0.1.tgz",
			"integrity": "sha512-65P7iz6X5yEr1cwcgvQxbbIw7Uk3gOy5dIdtZ4rDveLqhrdJP+Li/Hx6tyK0NEb+2GCyneCMJiGqrADCSNk8sQ==",
			"dev": true,
			"license": "MIT",
			"dependencies": {
				"is-number": "^7.0.0"
			},
			"engines": {
				"node": ">=8.0"
			}
		},
		"node_modules/token-types": {
			"version": "6.1.2",
			"resolved": "https://registry.npmjs.org/token-types/-/token-types-6.1.2.tgz",
			"integrity": "sha512-dRXchy+C0IgK8WPC6xvCHFRIWYUbqqdEIKPaKo/AcTUNzwLTK6AH7RjdLWsEZcAN/TBdtfUw3PYEgPr5VPr6ww==",
			"dev": true,
			"license": "MIT",
			"dependencies": {
				"@borewit/text-codec": "^0.2.1",
				"@tokenizer/token": "^0.3.0",
				"ieee754": "^1.2.1"
			},
			"engines": {
				"node": ">=14.16"
			},
			"funding": {
				"type": "github",
				"url": "https://github.com/sponsors/Borewit"
			}
		},
		"node_modules/tslib": {
			"version": "2.8.1",
			"resolved": "https://registry.npmjs.org/tslib/-/tslib-2.8.1.tgz",
			"integrity": "sha512-oJFu94HQb+KVduSUQL7wnpmqnfmLsOA/nAh6b6EH0wCEoK0/mPeXU6c3wKDV83MkOuHPRHtSXKKU99IBazS/2w==",
			"dev": true,
			"license": "0BSD"
		},
		"node_modules/typescript": {
			"version": "5.9.3",
			"resolved": "https://registry.npmjs.org/typescript/-/typescript-5.9.3.tgz",
			"integrity": "sha512-jl1vZzPDinLr9eUt3J/t7V6FgNEw9QjvBPdysz9KfQDD41fQrC2Y4vKQdiaUpFT4bXlb1RHhLpp8wtm6M5TgSw==",
			"dev": true,
			"license": "Apache-2.0",
			"bin": {
				"tsc": "bin/tsc",
				"tsserver": "bin/tsserver"
			},
			"engines": {
				"node": ">=14.17"
			}
		},
		"node_modules/uid": {
			"version": "2.0.2",
			"resolved": "https://registry.npmjs.org/uid/-/uid-2.0.2.tgz",
			"integrity": "sha512-u3xV3X7uzvi5b1MncmZo3i2Aw222Zk1keqLA1YkHldREkAhAqi65wuPfe7lHx8H/Wzy+8CE7S7uS3jekIM5s8g==",
			"dev": true,
			"license": "MIT",
			"dependencies": {
				"@lukeed/csprng": "^1.0.0"
			},
			"engines": {
				"node": ">=8"
			}
		},
		"node_modules/uint8array-extras": {
			"version": "1.5.0",
			"resolved": "https://registry.npmjs.org/uint8array-extras/-/uint8array-extras-1.5.0.tgz",
			"integrity": "sha512-rvKSBiC5zqCCiDZ9kAOszZcDvdAHwwIKJG33Ykj43OKcWsnmcBRL09YTU4nOeHZ8Y2a7l1MgTd08SBe9A8Qj6A==",
			"dev": true,
			"license": "MIT",
			"engines": {
				"node": ">=18"
			},
			"funding": {
				"url": "https://github.com/sponsors/sindresorhus"
			}
		},
		"node_modules/undici-types": {
			"version": "6.21.0",
			"resolved": "https://registry.npmjs.org/undici-types/-/undici-types-6.21.0.tgz",
			"integrity": "sha512-iwDZqg0QAGrg9Rav5H4n0M64c3mkR59cJ6wQp+7C4nI0gsmExaedaYLNO44eT4AtBBwjbTiGPMlt2Md0T9H9JQ==",
			"dev": true,
			"license": "MIT"
		},
		"node_modules/unicorn-magic": {
			"version": "0.3.0",
			"resolved": "https://registry.npmjs.org/unicorn-magic/-/unicorn-magic-0.3.0.tgz",
			"integrity": "sha512-+QBBXBCvifc56fsbuxZQ6Sic3wqqc3WWaqxs58gvJrcOuN83HGTCwz3oS5phzU9LthRNE9VrJCFCLUgHeeFnfA==",
			"dev": true,
			"license": "MIT",
			"engines": {
				"node": ">=18"
			},
			"funding": {
				"url": "https://github.com/sponsors/sindresorhus"
			}
		}
	}
}
